// !$*UTF8*$!
{
	archiveVersion = 1;
	classes = {
	};
	objectVersion = 48;
	objects = {

/* Begin PBXBuildFile section */
		1E3260231FDA048400C8619A /* AppDelegate.swift in Sources */ = {isa = PBXBuildFile; fileRef = 1E3260221FDA048400C8619A /* AppDelegate.swift */; };
		1E3260251FDA048400C8619A /* ViewController.swift in Sources */ = {isa = PBXBuildFile; fileRef = 1E3260241FDA048400C8619A /* ViewController.swift */; };
		1E3260281FDA048400C8619A /* Main.storyboard in Resources */ = {isa = PBXBuildFile; fileRef = 1E3260261FDA048400C8619A /* Main.storyboard */; };
		1E32602A1FDA048400C8619A /* Assets.xcassets in Resources */ = {isa = PBXBuildFile; fileRef = 1E3260291FDA048400C8619A /* Assets.xcassets */; };
		1E32602D1FDA048400C8619A /* LaunchScreen.storyboard in Resources */ = {isa = PBXBuildFile; fileRef = 1E32602B1FDA048400C8619A /* LaunchScreen.storyboard */; };
		1E3260351FDA0A8100C8619A /* RestAPI.swift in Sources */ = {isa = PBXBuildFile; fileRef = 1E3260341FDA0A8100C8619A /* RestAPI.swift */; };
		1E3260371FDA0AC700C8619A /* Beer.swift in Sources */ = {isa = PBXBuildFile; fileRef = 1E3260361FDA0AC700C8619A /* Beer.swift */; };
		1E3260391FDA0D1B00C8619A /* BeersTableViewController.swift in Sources */ = {isa = PBXBuildFile; fileRef = 1E3260381FDA0D1B00C8619A /* BeersTableViewController.swift */; };
		1E32603B1FDA111700C8619A /* BeerTableViewCell.swift in Sources */ = {isa = PBXBuildFile; fileRef = 1E32603A1FDA111700C8619A /* BeerTableViewCell.swift */; };
/* End PBXBuildFile section */

/* Begin PBXFileReference section */
		1E32601F1FDA048400C8619A /* rm30479.app */ = {isa = PBXFileReference; explicitFileType = wrapper.application; includeInIndex = 0; path = rm30479.app; sourceTree = BUILT_PRODUCTS_DIR; };
		1E3260221FDA048400C8619A /* AppDelegate.swift */ = {isa = PBXFileReference; lastKnownFileType = sourcecode.swift; path = AppDelegate.swift; sourceTree = "<group>"; };
		1E3260241FDA048400C8619A /* ViewController.swift */ = {isa = PBXFileReference; lastKnownFileType = sourcecode.swift; path = ViewController.swift; sourceTree = "<group>"; };
		1E3260271FDA048400C8619A /* Base */ = {isa = PBXFileReference; lastKnownFileType = file.storyboard; name = Base; path = Base.lproj/Main.storyboard; sourceTree = "<group>"; };
		1E3260291FDA048400C8619A /* Assets.xcassets */ = {isa = PBXFileReference; lastKnownFileType = folder.assetcatalog; path = Assets.xcassets; sourceTree = "<group>"; };
		1E32602C1FDA048400C8619A /* Base */ = {isa = PBXFileReference; lastKnownFileType = file.storyboard; name = Base; path = Base.lproj/LaunchScreen.storyboard; sourceTree = "<group>"; };
		1E32602E1FDA048400C8619A /* Info.plist */ = {isa = PBXFileReference; lastKnownFileType = text.plist.xml; path = Info.plist; sourceTree = "<group>"; };
		1E3260341FDA0A8100C8619A /* RestAPI.swift */ = {isa = PBXFileReference; lastKnownFileType = sourcecode.swift; path = RestAPI.swift; sourceTree = "<group>"; };
		1E3260361FDA0AC700C8619A /* Beer.swift */ = {isa = PBXFileReference; lastKnownFileType = sourcecode.swift; path = Beer.swift; sourceTree = "<group>"; };
		1E3260381FDA0D1B00C8619A /* BeersTableViewController.swift */ = {isa = PBXFileReference; lastKnownFileType = sourcecode.swift; path = BeersTableViewController.swift; sourceTree = "<group>"; };
		1E32603A1FDA111700C8619A /* BeerTableViewCell.swift */ = {isa = PBXFileReference; lastKnownFileType = sourcecode.swift; path = BeerTableViewCell.swift; sourceTree = "<group>"; };
/* End PBXFileReference section */

/* Begin PBXFrameworksBuildPhase section */
		1E32601C1FDA048400C8619A /* Frameworks */ = {
			isa = PBXFrameworksBuildPhase;
			buildActionMask = 2147483647;
			files = (
			);
			runOnlyForDeploymentPostprocessing = 0;
		};
/* End PBXFrameworksBuildPhase section */

/* Begin PBXGroup section */
		1E3260161FDA048400C8619A = {
			isa = PBXGroup;
			children = (
				1E3260211FDA048400C8619A /* rm30479 */,
				1E3260201FDA048400C8619A /* Products */,
			);
			sourceTree = "<group>";
		};
		1E3260201FDA048400C8619A /* Products */ = {
			isa = PBXGroup;
			children = (
				1E32601F1FDA048400C8619A /* rm30479.app */,
			);
			name = Products;
			sourceTree = "<group>";
		};
		1E3260211FDA048400C8619A /* rm30479 */ = {
			isa = PBXGroup;
			children = (
				1E3260221FDA048400C8619A /* AppDelegate.swift */,
				1E3260241FDA048400C8619A /* ViewController.swift */,
				1E3260261FDA048400C8619A /* Main.storyboard */,
				1E32603A1FDA111700C8619A /* BeerTableViewCell.swift */,
				1E3260291FDA048400C8619A /* Assets.xcassets */,
				1E32602B1FDA048400C8619A /* LaunchScreen.storyboard */,
				1E32602E1FDA048400C8619A /* Info.plist */,
				1E3260341FDA0A8100C8619A /* RestAPI.swift */,
				1E3260381FDA0D1B00C8619A /* BeersTableViewController.swift */,
				1E3260361FDA0AC700C8619A /* Beer.swift */,
			);
			path = rm30479;
			sourceTree = "<group>";
		};
/* End PBXGroup section */

/* Begin PBXNativeTarget section */
		1E32601E1FDA048400C8619A /* rm30479 */ = {
			isa = PBXNativeTarget;
			buildConfigurationList = 1E3260311FDA048400C8619A /* Build configuration list for PBXNativeTarget "rm30479" */;
			buildPhases = (
				1E32601B1FDA048400C8619A /* Sources */,
				1E32601C1FDA048400C8619A /* Frameworks */,
				1E32601D1FDA048400C8619A /* Resources */,
			);
			buildRules = (
			);
			dependencies = (
			);
			name = rm30479;
			productName = rm30479;
			productReference = 1E32601F1FDA048400C8619A /* rm30479.app */;
			productType = "com.apple.product-type.application";
		};
/* End PBXNativeTarget section */

/* Begin PBXProject section */
		1E3260171FDA048400C8619A /* Project object */ = {
			isa = PBXProject;
			attributes = {
				LastSwiftUpdateCheck = 0920;
				LastUpgradeCheck = 0920;
				ORGANIZATIONNAME = PunkBeer;
				TargetAttributes = {
					1E32601E1FDA048400C8619A = {
						CreatedOnToolsVersion = 9.2;
						ProvisioningStyle = Automatic;
					};
				};
			};
			buildConfigurationList = 1E32601A1FDA048400C8619A /* Build configuration list for PBXProject "rm30479" */;
			compatibilityVersion = "Xcode 8.0";
			developmentRegion = en;
			hasScannedForEncodings = 0;
			knownRegions = (
				en,
				Base,
			);
			mainGroup = 1E3260161FDA048400C8619A;
			productRefGroup = 1E3260201FDA048400C8619A /* Products */;
			projectDirPath = "";
			projectRoot = "";
			targets = (
				1E32601E1FDA048400C8619A /* rm30479 */,
			);
		};
/* End PBXProject section */

/* Begin PBXResourcesBuildPhase section */
		1E32601D1FDA048400C8619A /* Resources */ = {
			isa = PBXResourcesBuildPhase;
			buildActionMask = 2147483647;
			files = (
				1E32602D1FDA048400C8619A /* LaunchScreen.storyboard in Resources */,
				1E32602A1FDA048400C8619A /* Assets.xcassets in Resources */,
				1E3260281FDA048400C8619A /* Main.storyboard in Resources */,
			);
			runOnlyForDeploymentPostprocessing = 0;
		};
/* End PBXResourcesBuildPhase section */

/* Begin PBXSourcesBuildPhase section */
		1E32601B1FDA048400C8619A /* Sources */ = {
			isa = PBXSourcesBuildPhase;
			buildActionMask = 2147483647;
			files = (
				1E3260351FDA0A8100C8619A /* RestAPI.swift in Sources */,
				1E32603B1FDA111700C8619A /* BeerTableViewCell.swift in Sources */,
				1E3260251FDA048400C8619A /* ViewController.swift in Sources */,
				1E3260391FDA0D1B00C8619A /* BeersTableViewController.swift in Sources */,
				1E3260231FDA048400C8619A /* AppDelegate.swift in Sources */,
				1E3260371FDA0AC700C8619A /* Beer.swift in Sources */,
			);
			runOnlyForDeploymentPostprocessing = 0;
		};
/* End PBXSourcesBuildPhase section */

/* Begin PBXVariantGroup section */
		1E3260261FDA048400C8619A /* Main.storyboard */ = {
			isa = PBXVariantGroup;
			children = (
				1E3260271FDA048400C8619A /* Base */,
			);
			name = Main.storyboard;
			sourceTree = "<group>";
		};
		1E32602B1FDA048400C8619A /* LaunchScreen.storyboard */ = {
			isa = PBXVariantGroup;
			children = (
				1E32602C1FDA048400C8619A /* Base */,
			);
			name = LaunchScreen.storyboard;
			sourceTree = "<group>";
		};
/* End PBXVariantGroup section */

/* Begin XCBuildConfiguration section */
		1E32602F1FDA048400C8619A /* Debug */ = {
			isa = XCBuildConfiguration;
			buildSettings = {
				ALWAYS_SEARCH_USER_PATHS = NO;
				CLANG_ANALYZER_NONNULL = YES;
				CLANG_ANALYZER_NUMBER_OBJECT_CONVERSION = YES_AGGRESSIVE;
				CLANG_CXX_LANGUAGE_STANDARD = "gnu++14";
				CLANG_CXX_LIBRARY = "libc++";
				CLANG_ENABLE_MODULES = YES;
				CLANG_ENABLE_OBJC_ARC = YES;
				CLANG_WARN_BLOCK_CAPTURE_AUTORELEASING = YES;
				CLANG_WARN_BOOL_CONVERSION = YES;
				CLANG_WARN_COMMA = YES;
				CLANG_WARN_CONSTANT_CONVERSION = YES;
				CLANG_WARN_DIRECT_OBJC_ISA_USAGE = YES_ERROR;
				CLANG_WARN_DOCUMENTATION_COMMENTS = YES;
				CLANG_WARN_EMPTY_BODY = YES;
				CLANG_WARN_ENUM_CONVERSION = YES;
				CLANG_WARN_INFINITE_RECURSION = YES;
				CLANG_WARN_INT_CONVERSION = YES;
				CLANG_WARN_NON_LITERAL_NULL_CONVERSION = YES;
				CLANG_WARN_OBJC_LITERAL_CONVERSION = YES;
				CLANG_WARN_OBJC_ROOT_CLASS = YES_ERROR;
				CLANG_WARN_RANGE_LOOP_ANALYSIS = YES;
				CLANG_WARN_STRICT_PROTOTYPES = YES;
				CLANG_WARN_SUSPICIOUS_MOVE = YES;
				CLANG_WARN_UNGUARDED_AVAILABILITY = YES_AGGRESSIVE;
				CLANG_WARN_UNREACHABLE_CODE = YES;
				CLANG_WARN__DUPLICATE_METHOD_MATCH = YES;
				CODE_SIGN_IDENTITY = "iPhone Developer";
				COPY_PHASE_STRIP = NO;
				DEBUG_INFORMATION_FORMAT = dwarf;
				ENABLE_STRICT_OBJC_MSGSEND = YES;
				ENABLE_TESTABILITY = YES;
				GCC_C_LANGUAGE_STANDARD = gnu11;
				GCC_DYNAMIC_NO_PIC = NO;
				GCC_NO_COMMON_BLOCKS = YES;
				GCC_OPTIMIZATION_LEVEL = 0;
				GCC_PREPROCESSOR_DEFINITIONS = (
					"DEBUG=1",
					"$(inherited)",
				);
				GCC_WARN_64_TO_32_BIT_CONVERSION = YES;
				GCC_WARN_ABOUT_RETURN_TYPE = YES_ERROR;
				GCC_WARN_UNDECLARED_SELECTOR = YES;
				GCC_WARN_UNINITIALIZED_AUTOS = YES_AGGRESSIVE;
				GCC_WARN_UNUSED_FUNCTION = YES;
				GCC_WARN_UNUSED_VARIABLE = YES;
				IPHONEOS_DEPLOYMENT_TARGET = 11.2;
				MTL_ENABLE_DEBUG_INFO = YES;
				ONLY_ACTIVE_ARCH = YES;
				SDKROOT = iphoneos;
				SWIFT_ACTIVE_COMPILATION_CONDITIONS = DEBUG;
				SWIFT_OPTIMIZATION_LEVEL = "-Onone";
			};
			name = Debug;
		};
		1E3260301FDA048400C8619A /* Release */ = {
			isa = XCBuildConfiguration;
			buildSettings = {
				ALWAYS_SEARCH_USER_PATHS = NO;
				CLANG_ANALYZER_NONNULL = YES;
				CLANG_ANALYZER_NUMBER_OBJECT_CONVERSION = YES_AGGRESSIVE;
				CLANG_CXX_LANGUAGE_STANDARD = "gnu++14";
				CLANG_CXX_LIBRARY = "libc++";
				CLANG_ENABLE_MODULES = YES;
				CLANG_ENABLE_OBJC_ARC = YES;
				CLANG_WARN_BLOCK_CAPTURE_AUTORELEASING = YES;
				CLANG_WARN_BOOL_CONVERSION = YES;
				CLANG_WARN_COMMA = YES;
				CLANG_WARN_CONSTANT_CONVERSION = YES;
				CLANG_WARN_DIRECT_OBJC_ISA_USAGE = YES_ERROR;
				CLANG_WARN_DOCUMENTATION_COMMENTS = YES;
				CLANG_WARN_EMPTY_BODY = YES;
				CLANG_WARN_ENUM_CONVERSION = YES;
				CLANG_WARN_INFINITE_RECURSION = YES;
				CLANG_WARN_INT_CONVERSION = YES;
				CLANG_WARN_NON_LITERAL_NULL_CONVERSION = YES;
				CLANG_WARN_OBJC_LITERAL_CONVERSION = YES;
				CLANG_WARN_OBJC_ROOT_CLASS = YES_ERROR;
				CLANG_WARN_RANGE_LOOP_ANALYSIS = YES;
				CLANG_WARN_STRICT_PROTOTYPES = YES;
				CLANG_WARN_SUSPICIOUS_MOVE = YES;
				CLANG_WARN_UNGUARDED_AVAILABILITY = YES_AGGRESSIVE;
				CLANG_WARN_UNREACHABLE_CODE = YES;
				CLANG_WARN__DUPLICATE_METHOD_MATCH = YES;
				CODE_SIGN_IDENTITY = "iPhone Developer";
				COPY_PHASE_STRIP = NO;
				DEBUG_INFORMATION_FORMAT = "dwarf-with-dsym";
				ENABLE_NS_ASSERTIONS = NO;
				ENABLE_STRICT_OBJC_MSGSEND = YES;
				GCC_C_LANGUAGE_STANDARD = gnu11;
				GCC_NO_COMMON_BLOCKS = YES;
				GCC_WARN_64_TO_32_BIT_CONVERSION = YES;
				GCC_WARN_ABOUT_RETURN_TYPE = YES_ERROR;
				GCC_WARN_UNDECLARED_SELECTOR = YES;
				GCC_WARN_UNINITIALIZED_AUTOS = YES_AGGRESSIVE;
				GCC_WARN_UNUSED_FUNCTION = YES;
				GCC_WARN_UNUSED_VARIABLE = YES;
				IPHONEOS_DEPLOYMENT_TARGET = 11.2;
				MTL_ENABLE_DEBUG_INFO = NO;
				SDKROOT = iphoneos;
				SWIFT_OPTIMIZATION_LEVEL = "-Owholemodule";
				VALIDATE_PRODUCT = YES;
			};
			name = Release;
		};
		1E3260321FDA048400C8619A /* Debug */ = {
			isa = XCBuildConfiguration;
			buildSettings = {
				ASSETCATALOG_COMPILER_APPICON_NAME = AppIcon;
				CODE_SIGN_STYLE = Automatic;
				DEVELOPMENT_TEAM = XNXTJUUKM7;
				INFOPLIST_FILE = rm30479/Info.plist;
				LD_RUNPATH_SEARCH_PATHS = "$(inherited) @executable_path/Frameworks";
				PRODUCT_BUNDLE_IDENTIFIER = com.fiap.13mob.rm30479;
				PRODUCT_NAME = "$(TARGET_NAME)";
				SWIFT_VERSION = 3.0;
				TARGETED_DEVICE_FAMILY = "1,2";
			};
			name = Debug;
		};
		1E3260331FDA048400C8619A /* Release */ = {
			isa = XCBuildConfiguration;
			buildSettings = {
				ASSETCATALOG_COMPILER_APPICON_NAME = AppIcon;
				CODE_SIGN_STYLE = Automatic;
				DEVELOPMENT_TEAM = XNXTJUUKM7;
				INFOPLIST_FILE = rm30479/Info.plist;
				LD_RUNPATH_SEARCH_PATHS = "$(inherited) @executable_path/Frameworks";
				PRODUCT_BUNDLE_IDENTIFIER = com.fiap.13mob.rm30479;
				PRODUCT_NAME = "$(TARGET_NAME)";
				SWIFT_VERSION = 3.0;
				TARGETED_DEVICE_FAMILY = "1,2";
			};
			name = Release;
		};
/* End XCBuildConfiguration section */

/* Begin XCConfigurationList section */
		1E32601A1FDA048400C8619A /* Build configuration list for PBXProject "rm30479" */ = {
			isa = XCConfigurationList;
			buildConfigurations = (
				1E32602F1FDA048400C8619A /* Debug */,
				1E3260301FDA048400C8619A /* Release */,
			);
			defaultConfigurationIsVisible = 0;
			defaultConfigurationName = Release;
		};
		1E3260311FDA048400C8619A /* Build configuration list for PBXNativeTarget "rm30479" */ = {
			isa = XCConfigurationList;
			buildConfigurations = (
				1E3260321FDA048400C8619A /* Debug */,
				1E3260331FDA048400C8619A /* Release */,
			);
			defaultConfigurationIsVisible = 0;
			defaultConfigurationName = Release;
		};
/* End XCConfigurationList section */
	};
	rootObject = 1E3260171FDA048400C8619A /* Project object */;
}
